<?xml version="1.0" encoding="utf-8"?>
<Project ToolsVersion="4.0" xmlns="http://schemas.microsoft.com/developer/msbuild/2003">
  <ItemGroup>
    <Filter Include="ソース ファイル">
      <UniqueIdentifier>{fa06f731-5371-4c18-b62a-5f3f085e32c2}</UniqueIdentifier>
      <Extensions>cpp;c;cxx;rc;def;r;odl;hpj;bat;for;f90</Extensions>
    </Filter>
  </ItemGroup>
  <ItemGroup>
    <ClCompile Include="src\install\install.cpp">
      <Filter>ソース ファイル</Filter>
    </ClCompile>
  </ItemGroup>
  <ItemGroup>
    <ResourceCompile Include="src\install\install.rc">
      <Filter>ソース ファイル</Filter>
    </ResourceCompile>
  </ItemGroup>
  <ItemGroup>
    <ClInclude Include="src\install\instrc.h" />
  </ItemGroup>
  <ItemGroup>
    <Manifest Include="src\install\setup.exe.manifest" />
  </ItemGroup>
  <ItemGroup>
    <Image Include="src\install\setup.ico" />
  </ItemGroup>
</Project>